// !$*UTF8*$!
{
	archiveVersion = 1;
	classes = {
	};
	objectVersion = 46;
	objects = {

/* Begin PBXBuildFile section */
		3A41F6F4177147AE00867401 /* Foundation.framework in Frameworks */ = {isa = PBXBuildFile; fileRef = 3A41F6F3177147AE00867401 /* Foundation.framework */; };
		3A41F6F6177147AE00867401 /* CoreGraphics.framework in Frameworks */ = {isa = PBXBuildFile; fileRef = 3A41F6F5177147AE00867401 /* CoreGraphics.framework */; };
		3A41F6F8177147AE00867401 /* UIKit.framework in Frameworks */ = {isa = PBXBuildFile; fileRef = 3A41F6F7177147AE00867401 /* UIKit.framework */; };
		3A41F6FE177147AE00867401 /* InfoPlist.strings in Resources */ = {isa = PBXBuildFile; fileRef = 3A41F6FC177147AE00867401 /* InfoPlist.strings */; };
		3A41F700177147AE00867401 /* main.m in Sources */ = {isa = PBXBuildFile; fileRef = 3A41F6FF177147AE00867401 /* main.m */; };
		3A41F704177147AE00867401 /* SpriteAppDelegate.m in Sources */ = {isa = PBXBuildFile; fileRef = 3A41F703177147AE00867401 /* SpriteAppDelegate.m */; };
		3A41F707177147AE00867401 /* Main.storyboard in Resources */ = {isa = PBXBuildFile; fileRef = 3A41F705177147AE00867401 /* Main.storyboard */; };
		3A41F70C177147AE00867401 /* Images.xcassets in Resources */ = {isa = PBXBuildFile; fileRef = 3A41F70B177147AE00867401 /* Images.xcassets */; };
		3A41F713177147AE00867401 /* XCTest.framework in Frameworks */ = {isa = PBXBuildFile; fileRef = 3A41F712177147AE00867401 /* XCTest.framework */; };
		3A41F714177147AE00867401 /* Foundation.framework in Frameworks */ = {isa = PBXBuildFile; fileRef = 3A41F6F3177147AE00867401 /* Foundation.framework */; };
		3A41F715177147AE00867401 /* UIKit.framework in Frameworks */ = {isa = PBXBuildFile; fileRef = 3A41F6F7177147AE00867401 /* UIKit.framework */; };
		3A41F71D177147AE00867401 /* InfoPlist.strings in Resources */ = {isa = PBXBuildFile; fileRef = 3A41F71B177147AE00867401 /* InfoPlist.strings */; };
		3A41F71F177147AE00867401 /* SpriteWalkthroughTests.m in Sources */ = {isa = PBXBuildFile; fileRef = 3A41F71E177147AE00867401 /* SpriteWalkthroughTests.m */; };
		3A41F729177147CF00867401 /* SpriteKit.framework in Frameworks */ = {isa = PBXBuildFile; fileRef = 3A41F728177147CF00867401 /* SpriteKit.framework */; };
		C220946B17AABF560045C67B /* SpriteViewController.m in Sources */ = {isa = PBXBuildFile; fileRef = C220946917AABE870045C67B /* SpriteViewController.m */; };
		C220946D17AABF600045C67B /* HelloScene.m in Sources */ = {isa = PBXBuildFile; fileRef = C220946417AABE870045C67B /* HelloScene.m */; };
		C220946E17AABF630045C67B /* CDRampScene.m in Sources */ = {isa = PBXBuildFile; fileRef = C220946217AABE870045C67B /* CDRampScene.m */; };
/* End PBXBuildFile section */

/* Begin PBXContainerItemProxy section */
		3A41F716177147AE00867401 /* PBXContainerItemProxy */ = {
			isa = PBXContainerItemProxy;
			containerPortal = 3A41F6E8177147AE00867401 /* Project object */;
			proxyType = 1;
			remoteGlobalIDString = 3A41F6EF177147AE00867401;
			remoteInfo = SpriteWalkthrough;
		};
/* End PBXContainerItemProxy section */

/* Begin PBXFileReference section */
		3A41F6F0177147AE00867401 /* SpriteWalkthrough.app */ = {isa = PBXFileReference; explicitFileType = wrapper.application; includeInIndex = 0; path = SpriteWalkthrough.app; sourceTree = BUILT_PRODUCTS_DIR; };
		3A41F6F3177147AE00867401 /* Foundation.framework */ = {isa = PBXFileReference; lastKnownFileType = wrapper.framework; name = Foundation.framework; path = System/Library/Frameworks/Foundation.framework; sourceTree = SDKROOT; };
		3A41F6F5177147AE00867401 /* CoreGraphics.framework */ = {isa = PBXFileReference; lastKnownFileType = wrapper.framework; name = CoreGraphics.framework; path = System/Library/Frameworks/CoreGraphics.framework; sourceTree = SDKROOT; };
		3A41F6F7177147AE00867401 /* UIKit.framework */ = {isa = PBXFileReference; lastKnownFileType = wrapper.framework; name = UIKit.framework; path = System/Library/Frameworks/UIKit.framework; sourceTree = SDKROOT; };
		3A41F6FB177147AE00867401 /* SpriteWalkthrough-Info.plist */ = {isa = PBXFileReference; lastKnownFileType = text.plist.xml; path = "SpriteWalkthrough-Info.plist"; sourceTree = "<group>"; };
		3A41F6FD177147AE00867401 /* en */ = {isa = PBXFileReference; lastKnownFileType = text.plist.strings; name = en; path = en.lproj/InfoPlist.strings; sourceTree = "<group>"; };
		3A41F6FF177147AE00867401 /* main.m */ = {isa = PBXFileReference; lastKnownFileType = sourcecode.c.objc; path = main.m; sourceTree = "<group>"; };
		3A41F701177147AE00867401 /* SpriteWalkthrough-Prefix.pch */ = {isa = PBXFileReference; lastKnownFileType = sourcecode.c.h; path = "SpriteWalkthrough-Prefix.pch"; sourceTree = "<group>"; };
		3A41F702177147AE00867401 /* SpriteAppDelegate.h */ = {isa = PBXFileReference; lastKnownFileType = sourcecode.c.h; path = SpriteAppDelegate.h; sourceTree = "<group>"; };
		3A41F703177147AE00867401 /* SpriteAppDelegate.m */ = {isa = PBXFileReference; lastKnownFileType = sourcecode.c.objc; path = SpriteAppDelegate.m; sourceTree = "<group>"; };
		3A41F706177147AE00867401 /* Base */ = {isa = PBXFileReference; lastKnownFileType = file.storyboard; name = Base; path = Base.lproj/Main.storyboard; sourceTree = "<group>"; };
		3A41F70B177147AE00867401 /* Images.xcassets */ = {isa = PBXFileReference; lastKnownFileType = folder.assetcatalog; path = Images.xcassets; sourceTree = "<group>"; };
		3A41F711177147AE00867401 /* SpriteWalkthroughTests.xctest */ = {isa = PBXFileReference; explicitFileType = wrapper.cfbundle; includeInIndex = 0; path = SpriteWalkthroughTests.xctest; sourceTree = BUILT_PRODUCTS_DIR; };
		3A41F712177147AE00867401 /* XCTest.framework */ = {isa = PBXFileReference; lastKnownFileType = wrapper.framework; name = XCTest.framework; path = Library/Frameworks/XCTest.framework; sourceTree = DEVELOPER_DIR; };
		3A41F71A177147AE00867401 /* SpriteWalkthroughTests-Info.plist */ = {isa = PBXFileReference; lastKnownFileType = text.plist.xml; path = "SpriteWalkthroughTests-Info.plist"; sourceTree = "<group>"; };
		3A41F71C177147AE00867401 /* en */ = {isa = PBXFileReference; lastKnownFileType = text.plist.strings; name = en; path = en.lproj/InfoPlist.strings; sourceTree = "<group>"; };
		3A41F71E177147AE00867401 /* SpriteWalkthroughTests.m */ = {isa = PBXFileReference; lastKnownFileType = sourcecode.c.objc; path = SpriteWalkthroughTests.m; sourceTree = "<group>"; };
		3A41F728177147CF00867401 /* SpriteKit.framework */ = {isa = PBXFileReference; lastKnownFileType = wrapper.framework; name = SpriteKit.framework; path = System/Library/Frameworks/SpriteKit.framework; sourceTree = SDKROOT; };
		C220946117AABE870045C67B /* CDRampScene.h */ = {isa = PBXFileReference; lastKnownFileType = sourcecode.c.h; path = CDRampScene.h; sourceTree = "<group>"; };
		C220946217AABE870045C67B /* CDRampScene.m */ = {isa = PBXFileReference; lastKnownFileType = sourcecode.c.objc; path = CDRampScene.m; sourceTree = "<group>"; };
		C220946317AABE870045C67B /* HelloScene.h */ = {isa = PBXFileReference; lastKnownFileType = sourcecode.c.h; path = HelloScene.h; sourceTree = "<group>"; };
		C220946417AABE870045C67B /* HelloScene.m */ = {isa = PBXFileReference; lastKnownFileType = sourcecode.c.objc; path = HelloScene.m; sourceTree = "<group>"; };
		C220946817AABE870045C67B /* SpriteViewController.h */ = {isa = PBXFileReference; lastKnownFileType = sourcecode.c.h; path = SpriteViewController.h; sourceTree = "<group>"; };
		C220946917AABE870045C67B /* SpriteViewController.m */ = {isa = PBXFileReference; lastKnownFileType = sourcecode.c.objc; path = SpriteViewController.m; sourceTree = "<group>"; };
/* End PBXFileReference section */

/* Begin PBXFrameworksBuildPhase section */
		3A41F6ED177147AE00867401 /* Frameworks */ = {
			isa = PBXFrameworksBuildPhase;
			buildActionMask = 2147483647;
			files = (
				3A41F729177147CF00867401 /* SpriteKit.framework in Frameworks */,
				3A41F6F6177147AE00867401 /* CoreGraphics.framework in Frameworks */,
				3A41F6F8177147AE00867401 /* UIKit.framework in Frameworks */,
				3A41F6F4177147AE00867401 /* Foundation.framework in Frameworks */,
			);
			runOnlyForDeploymentPostprocessing = 0;
		};
		3A41F70E177147AE00867401 /* Frameworks */ = {
			isa = PBXFrameworksBuildPhase;
			buildActionMask = 2147483647;
			files = (
				3A41F713177147AE00867401 /* XCTest.framework in Frameworks */,
				3A41F715177147AE00867401 /* UIKit.framework in Frameworks */,
				3A41F714177147AE00867401 /* Foundation.framework in Frameworks */,
			);
			runOnlyForDeploymentPostprocessing = 0;
		};
/* End PBXFrameworksBuildPhase section */

/* Begin PBXGroup section */
		3A41F6E7177147AE00867401 = {
			isa = PBXGroup;
			children = (
				3A41F6F9177147AE00867401 /* SpriteWalkthrough */,
				3A41F718177147AE00867401 /* SpriteWalkthroughTests */,
				3A41F6F2177147AE00867401 /* Frameworks */,
				3A41F6F1177147AE00867401 /* Products */,
			);
			sourceTree = "<group>";
		};
		3A41F6F1177147AE00867401 /* Products */ = {
			isa = PBXGroup;
			children = (
				3A41F6F0177147AE00867401 /* SpriteWalkthrough.app */,
				3A41F711177147AE00867401 /* SpriteWalkthroughTests.xctest */,
			);
			name = Products;
			sourceTree = "<group>";
		};
		3A41F6F2177147AE00867401 /* Frameworks */ = {
			isa = PBXGroup;
			children = (
				3A41F728177147CF00867401 /* SpriteKit.framework */,
				3A41F6F3177147AE00867401 /* Foundation.framework */,
				3A41F6F5177147AE00867401 /* CoreGraphics.framework */,
				3A41F6F7177147AE00867401 /* UIKit.framework */,
				3A41F712177147AE00867401 /* XCTest.framework */,
			);
			name = Frameworks;
			sourceTree = "<group>";
		};
		3A41F6F9177147AE00867401 /* SpriteWalkthrough */ = {
			isa = PBXGroup;
			children = (
				3A41F702177147AE00867401 /* SpriteAppDelegate.h */,
				3A41F703177147AE00867401 /* SpriteAppDelegate.m */,
				3A41F705177147AE00867401 /* Main.storyboard */,
				C220945F17AABE870045C67B /* Cells */,
				C220946017AABE870045C67B /* Scenes */,
				C220946717AABE870045C67B /* ViewControllers */,
				C220946A17AABE870045C67B /* Views */,
				3A41F6FA177147AE00867401 /* Supporting Files */,
			);
			path = SpriteWalkthrough;
			sourceTree = "<group>";
		};
		3A41F6FA177147AE00867401 /* Supporting Files */ = {
			isa = PBXGroup;
			children = (
				3A41F70B177147AE00867401 /* Images.xcassets */,
				3A41F6FB177147AE00867401 /* SpriteWalkthrough-Info.plist */,
				3A41F6FC177147AE00867401 /* InfoPlist.strings */,
				3A41F6FF177147AE00867401 /* main.m */,
				3A41F701177147AE00867401 /* SpriteWalkthrough-Prefix.pch */,
			);
			name = "Supporting Files";
			sourceTree = "<group>";
		};
		3A41F718177147AE00867401 /* SpriteWalkthroughTests */ = {
			isa = PBXGroup;
			children = (
				3A41F71E177147AE00867401 /* SpriteWalkthroughTests.m */,
				3A41F719177147AE00867401 /* Supporting Files */,
			);
			path = SpriteWalkthroughTests;
			sourceTree = "<group>";
		};
		3A41F719177147AE00867401 /* Supporting Files */ = {
			isa = PBXGroup;
			children = (
				3A41F71A177147AE00867401 /* SpriteWalkthroughTests-Info.plist */,
				3A41F71B177147AE00867401 /* InfoPlist.strings */,
			);
			name = "Supporting Files";
			sourceTree = "<group>";
		};
		C220945F17AABE870045C67B /* Cells */ = {
			isa = PBXGroup;
			children = (
			);
			path = Cells;
			sourceTree = "<group>";
		};
		C220946017AABE870045C67B /* Scenes */ = {
			isa = PBXGroup;
			children = (
				C220946117AABE870045C67B /* CDRampScene.h */,
				C220946217AABE870045C67B /* CDRampScene.m */,
				C220946317AABE870045C67B /* HelloScene.h */,
				C220946417AABE870045C67B /* HelloScene.m */,
			);
			path = Scenes;
			sourceTree = "<group>";
		};
		C220946717AABE870045C67B /* ViewControllers */ = {
			isa = PBXGroup;
			children = (
				C220946817AABE870045C67B /* SpriteViewController.h */,
				C220946917AABE870045C67B /* SpriteViewController.m */,
			);
			path = ViewControllers;
			sourceTree = "<group>";
		};
		C220946A17AABE870045C67B /* Views */ = {
			isa = PBXGroup;
			children = (
			);
			path = Views;
			sourceTree = "<group>";
		};
/* End PBXGroup section */

/* Begin PBXNativeTarget section */
		3A41F6EF177147AE00867401 /* SpriteWalkthrough */ = {
			isa = PBXNativeTarget;
			buildConfigurationList = 3A41F722177147AE00867401 /* Build configuration list for PBXNativeTarget "SpriteWalkthrough" */;
			buildPhases = (
				3A41F6EC177147AE00867401 /* Sources */,
				3A41F6ED177147AE00867401 /* Frameworks */,
				3A41F6EE177147AE00867401 /* Resources */,
			);
			buildRules = (
			);
			dependencies = (
			);
			name = SpriteWalkthrough;
			productName = SpriteWalkthrough;
			productReference = 3A41F6F0177147AE00867401 /* SpriteWalkthrough.app */;
			productType = "com.apple.product-type.application";
		};
		3A41F710177147AE00867401 /* SpriteWalkthroughTests */ = {
			isa = PBXNativeTarget;
			buildConfigurationList = 3A41F725177147AE00867401 /* Build configuration list for PBXNativeTarget "SpriteWalkthroughTests" */;
			buildPhases = (
				3A41F70D177147AE00867401 /* Sources */,
				3A41F70E177147AE00867401 /* Frameworks */,
				3A41F70F177147AE00867401 /* Resources */,
			);
			buildRules = (
			);
			dependencies = (
				3A41F717177147AE00867401 /* PBXTargetDependency */,
			);
			name = SpriteWalkthroughTests;
			productName = SpriteWalkthroughTests;
			productReference = 3A41F711177147AE00867401 /* SpriteWalkthroughTests.xctest */;
			productType = "com.apple.product-type.bundle.unit-test";
		};
/* End PBXNativeTarget section */

/* Begin PBXProject section */
		3A41F6E8177147AE00867401 /* Project object */ = {
			isa = PBXProject;
			attributes = {
				CLASSPREFIX = Sprite;
				LastUpgradeCheck = 0500;
				ORGANIZATIONNAME = "Brennon Redmyer";
				TargetAttributes = {
					3A41F710177147AE00867401 = {
						TestTargetID = 3A41F6EF177147AE00867401;
					};
				};
			};
			buildConfigurationList = 3A41F6EB177147AE00867401 /* Build configuration list for PBXProject "SpriteWalkthrough" */;
			compatibilityVersion = "Xcode 3.2";
			developmentRegion = English;
			hasScannedForEncodings = 0;
			knownRegions = (
				en,
				Base,
			);
			mainGroup = 3A41F6E7177147AE00867401;
			productRefGroup = 3A41F6F1177147AE00867401 /* Products */;
			projectDirPath = "";
			projectRoot = "";
			targets = (
				3A41F6EF177147AE00867401 /* SpriteWalkthrough */,
				3A41F710177147AE00867401 /* SpriteWalkthroughTests */,
			);
		};
/* End PBXProject section */

/* Begin PBXResourcesBuildPhase section */
		3A41F6EE177147AE00867401 /* Resources */ = {
			isa = PBXResourcesBuildPhase;
			buildActionMask = 2147483647;
			files = (
				3A41F70C177147AE00867401 /* Images.xcassets in Resources */,
				3A41F6FE177147AE00867401 /* InfoPlist.strings in Resources */,
				3A41F707177147AE00867401 /* Main.storyboard in Resources */,
			);
			runOnlyForDeploymentPostprocessing = 0;
		};
		3A41F70F177147AE00867401 /* Resources */ = {
			isa = PBXResourcesBuildPhase;
			buildActionMask = 2147483647;
			files = (
				3A41F71D177147AE00867401 /* InfoPlist.strings in Resources */,
			);
			runOnlyForDeploymentPostprocessing = 0;
		};
/* End PBXResourcesBuildPhase section */

/* Begin PBXSourcesBuildPhase section */
		3A41F6EC177147AE00867401 /* Sources */ = {
			isa = PBXSourcesBuildPhase;
			buildActionMask = 2147483647;
			files = (
				C220946D17AABF600045C67B /* HelloScene.m in Sources */,
				3A41F700177147AE00867401 /* main.m in Sources */,
				3A41F704177147AE00867401 /* SpriteAppDelegate.m in Sources */,
				C220946B17AABF560045C67B /* SpriteViewController.m in Sources */,
				C220946E17AABF630045C67B /* CDRampScene.m in Sources */,
			);
			runOnlyForDeploymentPostprocessing = 0;
		};
		3A41F70D177147AE00867401 /* Sources */ = {
			isa = PBXSourcesBuildPhase;
			buildActionMask = 2147483647;
			files = (
				3A41F71F177147AE00867401 /* SpriteWalkthroughTests.m in Sources */,
			);
			runOnlyForDeploymentPostprocessing = 0;
		};
/* End PBXSourcesBuildPhase section */

/* Begin PBXTargetDependency section */
		3A41F717177147AE00867401 /* PBXTargetDependency */ = {
			isa = PBXTargetDependency;
			target = 3A41F6EF177147AE00867401 /* SpriteWalkthrough */;
			targetProxy = 3A41F716177147AE00867401 /* PBXContainerItemProxy */;
		};
/* End PBXTargetDependency section */

/* Begin PBXVariantGroup section */
		3A41F6FC177147AE00867401 /* InfoPlist.strings */ = {
			isa = PBXVariantGroup;
			children = (
				3A41F6FD177147AE00867401 /* en */,
			);
			name = InfoPlist.strings;
			sourceTree = "<group>";
		};
		3A41F705177147AE00867401 /* Main.storyboard */ = {
			isa = PBXVariantGroup;
			children = (
				3A41F706177147AE00867401 /* Base */,
			);
			name = Main.storyboard;
			sourceTree = "<group>";
		};
		3A41F71B177147AE00867401 /* InfoPlist.strings */ = {
			isa = PBXVariantGroup;
			children = (
				3A41F71C177147AE00867401 /* en */,
			);
			name = InfoPlist.strings;
			sourceTree = "<group>";
		};
/* End PBXVariantGroup section */

/* Begin XCBuildConfiguration section */
		3A41F720177147AE00867401 /* Debug */ = {
			isa = XCBuildConfiguration;
			buildSettings = {
				ALWAYS_SEARCH_USER_PATHS = NO;
				CLANG_CXX_LANGUAGE_STANDARD = "gnu++0x";
				CLANG_CXX_LIBRARY = "libc++";
				CLANG_ENABLE_MODULES = YES;
				CLANG_ENABLE_OBJC_ARC = YES;
				CLANG_WARN_BOOL_CONVERSION = YES;
				CLANG_WARN_CONSTANT_CONVERSION = YES;
				CLANG_WARN_DIRECT_OBJC_ISA_USAGE = YES_ERROR;
				CLANG_WARN_EMPTY_BODY = YES;
				CLANG_WARN_ENUM_CONVERSION = YES;
				CLANG_WARN_INT_CONVERSION = YES;
				CLANG_WARN_OBJC_ROOT_CLASS = YES_ERROR;
				CLANG_WARN__DUPLICATE_METHOD_MATCH = YES;
				"CODE_SIGN_IDENTITY[sdk=iphoneos*]" = "iPhone Developer";
				COPY_PHASE_STRIP = NO;
				GCC_C_LANGUAGE_STANDARD = gnu99;
				GCC_DYNAMIC_NO_PIC = NO;
				GCC_OPTIMIZATION_LEVEL = 0;
				GCC_PREPROCESSOR_DEFINITIONS = (
					"DEBUG=1",
					"$(inherited)",
				);
				GCC_SYMBOLS_PRIVATE_EXTERN = NO;
				GCC_WARN_ABOUT_RETURN_TYPE = YES_ERROR;
				GCC_WARN_UNDECLARED_SELECTOR = YES;
				GCC_WARN_UNINITIALIZED_AUTOS = YES;
				GCC_WARN_UNUSED_FUNCTION = YES;
				GCC_WARN_UNUSED_VARIABLE = YES;
				IPHONEOS_DEPLOYMENT_TARGET = 7.0;
				ONLY_ACTIVE_ARCH = YES;
				SDKROOT = iphoneos;
			};
			name = Debug;
		};
		3A41F721177147AE00867401 /* Release */ = {
			isa = XCBuildConfiguration;
			buildSettings = {
				ALWAYS_SEARCH_USER_PATHS = NO;
				CLANG_CXX_LANGUAGE_STANDARD = "gnu++0x";
				CLANG_CXX_LIBRARY = "libc++";
				CLANG_ENABLE_MODULES = YES;
				CLANG_ENABLE_OBJC_ARC = YES;
				CLANG_WARN_BOOL_CONVERSION = YES;
				CLANG_WARN_CONSTANT_CONVERSION = YES;
				CLANG_WARN_DIRECT_OBJC_ISA_USAGE = YES_ERROR;
				CLANG_WARN_EMPTY_BODY = YES;
				CLANG_WARN_ENUM_CONVERSION = YES;
				CLANG_WARN_INT_CONVERSION = YES;
				CLANG_WARN_OBJC_ROOT_CLASS = YES_ERROR;
				CLANG_WARN__DUPLICATE_METHOD_MATCH = YES;
				"CODE_SIGN_IDENTITY[sdk=iphoneos*]" = "iPhone Developer";
				COPY_PHASE_STRIP = YES;
				ENABLE_NS_ASSERTIONS = NO;
				GCC_C_LANGUAGE_STANDARD = gnu99;
				GCC_WARN_ABOUT_RETURN_TYPE = YES_ERROR;
				GCC_WARN_UNDECLARED_SELECTOR = YES;
				GCC_WARN_UNINITIALIZED_AUTOS = YES;
				GCC_WARN_UNUSED_FUNCTION = YES;
				GCC_WARN_UNUSED_VARIABLE = YES;
				IPHONEOS_DEPLOYMENT_TARGET = 7.0;
				SDKROOT = iphoneos;
				VALIDATE_PRODUCT = YES;
			};
			name = Release;
		};
		3A41F723177147AE00867401 /* Debug */ = {
			isa = XCBuildConfiguration;
			buildSettings = {
				ASSETCATALOG_COMPILER_APPICON_NAME = AppIcon;
				ASSETCATALOG_COMPILER_LAUNCHIMAGE_NAME = LaunchImage;
				CODE_SIGN_IDENTITY = "iPhone Developer";
				GCC_PRECOMPILE_PREFIX_HEADER = YES;
				GCC_PREFIX_HEADER = "SpriteWalkthrough/SpriteWalkthrough-Prefix.pch";
				INFOPLIST_FILE = "SpriteWalkthrough/SpriteWalkthrough-Info.plist";
				PRODUCT_NAME = "$(TARGET_NAME)";
				WRAPPER_EXTENSION = app;
			};
			name = Debug;
		};
		3A41F724177147AE00867401 /* Release */ = {
			isa = XCBuildConfiguration;
			buildSettings = {
				ASSETCATALOG_COMPILER_APPICON_NAME = AppIcon;
				ASSETCATALOG_COMPILER_LAUNCHIMAGE_NAME = LaunchImage;
				CODE_SIGN_IDENTITY = "iPhone Developer";
				GCC_PRECOMPILE_PREFIX_HEADER = YES;
				GCC_PREFIX_HEADER = "SpriteWalkthrough/SpriteWalkthrough-Prefix.pch";
				INFOPLIST_FILE = "SpriteWalkthrough/SpriteWalkthrough-Info.plist";
				PRODUCT_NAME = "$(TARGET_NAME)";
				WRAPPER_EXTENSION = app;
			};
			name = Release;
		};
		3A41F726177147AE00867401 /* Debug */ = {
			isa = XCBuildConfiguration;
			buildSettings = {
				BUNDLE_LOADER = "$(BUILT_PRODUCTS_DIR)/SpriteWalkthrough.app/SpriteWalkthrough";
				FRAMEWORK_SEARCH_PATHS = (
					"$(SDKROOT)/Developer/Library/Frameworks",
					"$(inherited)",
					"$(SYSTEM_APPS_DIR)/Xcode5-DP.app/Contents/Developer/Library/Frameworks",
				);
				GCC_PRECOMPILE_PREFIX_HEADER = YES;
				GCC_PREFIX_HEADER = "SpriteWalkthrough/SpriteWalkthrough-Prefix.pch";
				GCC_PREPROCESSOR_DEFINITIONS = (
					"DEBUG=1",
					"$(inherited)",
				);
				INFOPLIST_FILE = "SpriteWalkthroughTests/SpriteWalkthroughTests-Info.plist";
				PRODUCT_NAME = "$(TARGET_NAME)";
				TEST_HOST = "$(BUNDLE_LOADER)";
				WRAPPER_EXTENSION = xctest;
			};
			name = Debug;
		};
		3A41F727177147AE00867401 /* Release */ = {
			isa = XCBuildConfiguration;
			buildSettings = {
				BUNDLE_LOADER = "$(BUILT_PRODUCTS_DIR)/SpriteWalkthrough.app/SpriteWalkthrough";
				FRAMEWORK_SEARCH_PATHS = (
					"$(SDKROOT)/Developer/Library/Frameworks",
					"$(inherited)",
					"$(SYSTEM_APPS_DIR)/Xcode5-DP.app/Contents/Developer/Library/Frameworks",
				);
				GCC_PRECOMPILE_PREFIX_HEADER = YES;
				GCC_PREFIX_HEADER = "SpriteWalkthrough/SpriteWalkthrough-Prefix.pch";
				INFOPLIST_FILE = "SpriteWalkthroughTests/SpriteWalkthroughTests-Info.plist";
				PRODUCT_NAME = "$(TARGET_NAME)";
				TEST_HOST = "$(BUNDLE_LOADER)";
				WRAPPER_EXTENSION = xctest;
			};
			name = Release;
		};
/* End XCBuildConfiguration section */

/* Begin XCConfigurationList section */
		3A41F6EB177147AE00867401 /* Build configuration list for PBXProject "SpriteWalkthrough" */ = {
			isa = XCConfigurationList;
			buildConfigurations = (
				3A41F720177147AE00867401 /* Debug */,
				3A41F721177147AE00867401 /* Release */,
			);
			defaultConfigurationIsVisible = 0;
			defaultConfigurationName = Release;
		};
		3A41F722177147AE00867401 /* Build configuration list for PBXNativeTarget "SpriteWalkthrough" */ = {
			isa = XCConfigurationList;
			buildConfigurations = (
				3A41F723177147AE00867401 /* Debug */,
				3A41F724177147AE00867401 /* Release */,
			);
			defaultConfigurationIsVisible = 0;
			defaultConfigurationName = Release;
		};
		3A41F725177147AE00867401 /* Build configuration list for PBXNativeTarget "SpriteWalkthroughTests" */ = {
			isa = XCConfigurationList;
			buildConfigurations = (
				3A41F726177147AE00867401 /* Debug */,
				3A41F727177147AE00867401 /* Release */,
			);
			defaultConfigurationIsVisible = 0;
			defaultConfigurationName = Release;
		};
/* End XCConfigurationList section */
	};
	rootObject = 3A41F6E8177147AE00867401 /* Project object */;
}
